PODS:
  - AFNetworking (2.6.1):
    - AFNetworking/NSURLConnection (= 2.6.1)
    - AFNetworking/NSURLSession (= 2.6.1)
    - AFNetworking/Reachability (= 2.6.1)
    - AFNetworking/Security (= 2.6.1)
    - AFNetworking/Serialization (= 2.6.1)
    - AFNetworking/UIKit (= 2.6.1)
  - AFNetworking/NSURLConnection (2.6.1):
    - AFNetworking/Reachability
    - AFNetworking/Security
    - AFNetworking/Serialization
  - AFNetworking/NSURLSession (2.6.1):
    - AFNetworking/Reachability
    - AFNetworking/Security
    - AFNetworking/Serialization
  - AFNetworking/Reachability (2.6.1)
  - AFNetworking/Security (2.6.1)
  - AFNetworking/Serialization (2.6.1)
  - AFNetworking/UIKit (2.6.1):
    - AFNetworking/NSURLConnection
    - AFNetworking/NSURLSession
  - FBSnapshotTestCase (2.0.7):
    - FBSnapshotTestCase/SwiftSupport (= 2.0.7)
  - FBSnapshotTestCase/Core (2.0.7)
  - FBSnapshotTestCase/SwiftSupport (2.0.7):
    - FBSnapshotTestCase/Core
  - PodDemoThird (0.1.0):
    - AFNetworking (~> 2.3)

DEPENDENCIES:
  - FBSnapshotTestCase
  - PodDemoThird (from `../`)

EXTERNAL SOURCES:
  PodDemoThird:
    :path: ../

SPEC CHECKSUMS:
  AFNetworking: 8e4e60500beb8bec644cf575beee72990a76d399
  FBSnapshotTestCase: 7e85180d0d141a0cf472352edda7e80d7eaeb547
  PodDemoThird: eae18c39266d23b3213a087f8d59aed3bf6b1ec5

COCOAPODS: 0.39.0
